
Microsoft Visual Studio Solution File, Format Version 12.00
# Visual Studio Version 17
VisualStudioVersion = 17.13.35806.99 d17.13
MinimumVisualStudioVersion = 10.0.40219.1
Project("{FAE04EC0-301F-11D3-BF4B-00C04F79EFBC}") = "Exercicio 3", "Exercicio 3.csproj", "{D1332136-1423-4E53-BD7F-9C2DA84BB0FA}"
EndProject
Global
	GlobalSection(SolutionConfigurationPlatforms) = preSolution
		Debug|Any CPU = Debug|Any CPU
		Release|Any CPU = Release|Any CPU
	EndGlobalSection
	GlobalSection(ProjectConfigurationPlatforms) = postSolution
		{D1332136-1423-4E53-BD7F-9C2DA84BB0FA}.Debug|Any CPU.ActiveCfg = Debug|Any CPU
		{D1332136-1423-4E53-BD7F-9C2DA84BB0FA}.Debug|Any CPU.Build.0 = Debug|Any CPU
		{D1332136-1423-4E53-BD7F-9C2DA84BB0FA}.Release|Any CPU.ActiveCfg = Release|Any CPU
		{D1332136-1423-4E53-BD7F-9C2DA84BB0FA}.Release|Any CPU.Build.0 = Release|Any CPU
	EndGlobalSection
	GlobalSection(SolutionProperties) = preSolution
		HideSolutionNode = FALSE
	EndGlobalSection
	GlobalSection(ExtensibilityGlobals) = postSolution
		SolutionGuid = {37578C0F-0005-404A-9C76-27137E1F2E75}
	EndGlobalSection
EndGlobal
